
Microsoft Visual Studio Solution File, Format Version 12.00
# Visual Studio 15
VisualStudioVersion = 15.0.27004.2006
MinimumVisualStudioVersion = 10.0.40219.1
Project("{FAE04EC0-301F-11D3-BF4B-00C04F79EFBC}") = "AzureSQLConnection", "AzureSQLConnection\AzureSQLConnection.csproj", "{FFDFF619-B77A-483C-A376-17F049E0D705}"
EndProject
Global
	GlobalSection(SolutionConfigurationPlatforms) = preSolution
		Debug|Any CPU = Debug|Any CPU
		Release|Any CPU = Release|Any CPU
	EndGlobalSection
	GlobalSection(ProjectConfigurationPlatforms) = postSolution
		{FFDFF619-B77A-483C-A376-17F049E0D705}.Debug|Any CPU.ActiveCfg = Debug|Any CPU
		{FFDFF619-B77A-483C-A376-17F049E0D705}.Debug|Any CPU.Build.0 = Debug|Any CPU
		{FFDFF619-B77A-483C-A376-17F049E0D705}.Release|Any CPU.ActiveCfg = Release|Any CPU
		{FFDFF619-B77A-483C-A376-17F049E0D705}.Release|Any CPU.Build.0 = Release|Any CPU
	EndGlobalSection
	GlobalSection(SolutionProperties) = preSolution
		HideSolutionNode = FALSE
	EndGlobalSection
	GlobalSection(ExtensibilityGlobals) = postSolution
		SolutionGuid = {6EBC038A-1F36-4770-8C3D-643F0BE04ACC}
	EndGlobalSection
EndGlobal
