
Microsoft Visual Studio Solution File, Format Version 12.00
# Visual Studio 15
VisualStudioVersion = 15.0.27004.2006
MinimumVisualStudioVersion = 10.0.40219.1
Project("{FAE04EC0-301F-11D3-BF4B-00C04F79EFBC}") = "PersonalShopperApp", "PersonalShopperApp\PersonalShopperApp.csproj", "{C3716183-CE5C-499B-A6E9-6C8B9FF6C1C4}"
EndProject
Project("{FAE04EC0-301F-11D3-BF4B-00C04F79EFBC}") = "PersonalShopperApplicationConnector", "C:\Users\jprirm\Documents\Capstone\Model_Plan\PersonalShopperApplicationConnector\PersonalShopperApplicationConnector\PersonalShopperApplicationConnector.csproj", "{A12DC0E6-A12A-41FB-B63D-666915BA0DD8}"
EndProject
Global
	GlobalSection(SolutionConfigurationPlatforms) = preSolution
		Debug|Any CPU = Debug|Any CPU
		Release|Any CPU = Release|Any CPU
	EndGlobalSection
	GlobalSection(ProjectConfigurationPlatforms) = postSolution
		{C3716183-CE5C-499B-A6E9-6C8B9FF6C1C4}.Debug|Any CPU.ActiveCfg = Debug|Any CPU
		{C3716183-CE5C-499B-A6E9-6C8B9FF6C1C4}.Debug|Any CPU.Build.0 = Debug|Any CPU
		{C3716183-CE5C-499B-A6E9-6C8B9FF6C1C4}.Debug|Any CPU.Deploy.0 = Debug|Any CPU
		{C3716183-CE5C-499B-A6E9-6C8B9FF6C1C4}.Release|Any CPU.ActiveCfg = Release|Any CPU
		{C3716183-CE5C-499B-A6E9-6C8B9FF6C1C4}.Release|Any CPU.Build.0 = Release|Any CPU
		{C3716183-CE5C-499B-A6E9-6C8B9FF6C1C4}.Release|Any CPU.Deploy.0 = Release|Any CPU
		{A12DC0E6-A12A-41FB-B63D-666915BA0DD8}.Debug|Any CPU.ActiveCfg = Debug|Any CPU
		{A12DC0E6-A12A-41FB-B63D-666915BA0DD8}.Debug|Any CPU.Build.0 = Debug|Any CPU
		{A12DC0E6-A12A-41FB-B63D-666915BA0DD8}.Release|Any CPU.ActiveCfg = Release|Any CPU
		{A12DC0E6-A12A-41FB-B63D-666915BA0DD8}.Release|Any CPU.Build.0 = Release|Any CPU
	EndGlobalSection
	GlobalSection(SolutionProperties) = preSolution
		HideSolutionNode = FALSE
	EndGlobalSection
	GlobalSection(ExtensibilityGlobals) = postSolution
		SolutionGuid = {73714877-0EF7-49FF-B5B8-D7242CCAB644}
	EndGlobalSection
EndGlobal
